
Microsoft Visual Studio Solution File, Format Version 12.00
# Visual Studio Version 17
VisualStudioVersion = 17.8.34316.72
MinimumVisualStudioVersion = 10.0.40219.1
Project("{9A19103F-16F7-4668-BE54-9A1E7A4F7556}") = "GerenciadorDeTarefas", "GerenciadorDeTarefas\GerenciadorDeTarefas.csproj", "{D6A1814D-18A1-4F5A-8D23-49642575FEEC}"
EndProject
Global
	GlobalSection(SolutionConfigurationPlatforms) = preSolution
		Debug|Any CPU = Debug|Any CPU
		Release|Any CPU = Release|Any CPU
	EndGlobalSection
	GlobalSection(ProjectConfigurationPlatforms) = postSolution
		{D6A1814D-18A1-4F5A-8D23-49642575FEEC}.Debug|Any CPU.ActiveCfg = Debug|Any CPU
		{D6A1814D-18A1-4F5A-8D23-49642575FEEC}.Debug|Any CPU.Build.0 = Debug|Any CPU
		{D6A1814D-18A1-4F5A-8D23-49642575FEEC}.Release|Any CPU.ActiveCfg = Release|Any CPU
		{D6A1814D-18A1-4F5A-8D23-49642575FEEC}.Release|Any CPU.Build.0 = Release|Any CPU
	EndGlobalSection
	GlobalSection(SolutionProperties) = preSolution
		HideSolutionNode = FALSE
	EndGlobalSection
	GlobalSection(ExtensibilityGlobals) = postSolution
		SolutionGuid = {EC8CFEA1-6947-423E-B2B4-87098EA92CC1}
	EndGlobalSection
EndGlobal
